
Microsoft Visual Studio Solution File, Format Version 12.00
# Visual Studio Version 16
VisualStudioVersion = 16.0.31702.278
MinimumVisualStudioVersion = 10.0.40219.1
Project("{9A19103F-16F7-4668-BE54-9A1E7A4F7556}") = "DiceMVC", "DiceMVC.csproj", "{39C76A02-5D4C-4293-A25E-A7A877D1DECF}"
EndProject
Project("{2150E333-8FDC-42A3-9474-1A3956D46DE8}") = "Application", "Application", "{64D0712D-0AAC-4E44-9730-31BD30CEF362}"
EndProject
Project("{2150E333-8FDC-42A3-9474-1A3956D46DE8}") = "Domain", "Domain", "{B62AD2C9-629E-4230-A749-7021D12FD5F7}"
EndProject
Project("{2150E333-8FDC-42A3-9474-1A3956D46DE8}") = "Infrastructure", "Infrastructure", "{16322EFF-5410-46ED-8CC8-1B2052652C92}"
EndProject
Project("{2150E333-8FDC-42A3-9474-1A3956D46DE8}") = "Test", "Test", "{054BB316-85D7-41CC-8E4E-C2C97550D332}"
EndProject
Project("{2150E333-8FDC-42A3-9474-1A3956D46DE8}") = "UI", "UI", "{448FF4A3-3690-495E-9CB9-0F7E7D041D82}"
EndProject
Project("{FAE04EC0-301F-11D3-BF4B-00C04F79EFBC}") = "DiceMVC.Application", "..\DiceMVC.Application\DiceMVC.Application.csproj", "{4D6240C0-08C0-461C-B682-74F81D700099}"
EndProject
Project("{FAE04EC0-301F-11D3-BF4B-00C04F79EFBC}") = "DiceMVC.Domain", "..\DiceMVC.Domain\DiceMVC.Domain.csproj", "{D7A862A3-FA77-497B-8DA7-2DD04B69E707}"
EndProject
Project("{FAE04EC0-301F-11D3-BF4B-00C04F79EFBC}") = "DiceMVC.Infrastructure", "..\DiceMVC.Infrastructure\DiceMVC.Infrastructure.csproj", "{AB88BCFF-1F37-45D9-813F-0A3C50894D4D}"
EndProject
Project("{FAE04EC0-301F-11D3-BF4B-00C04F79EFBC}") = "DiceMVC.Tests", "..\DiceMVC.Tests\DiceMVC.Tests.csproj", "{629CA5F4-0C59-4F46-8397-B1C15D447357}"
EndProject
Project("{2150E333-8FDC-42A3-9474-1A3956D46DE8}") = "Services", "Services", "{BFE8801A-0A30-4E27-A88E-0230F23FA8CA}"
EndProject
Project("{2150E333-8FDC-42A3-9474-1A3956D46DE8}") = "Interfaces", "Interfaces", "{6D28E853-B4A2-4430-9F60-96E93FD59093}"
EndProject
Project("{2150E333-8FDC-42A3-9474-1A3956D46DE8}") = "Interface", "Interface", "{CEC778A5-03FB-4CB0-83DC-A64305E6F958}"
EndProject
Project("{2150E333-8FDC-42A3-9474-1A3956D46DE8}") = "Model", "Model", "{11A11213-DD52-485B-899B-8D643F02A194}"
EndProject
Project("{2150E333-8FDC-42A3-9474-1A3956D46DE8}") = "Repositories", "Repositories", "{5E701854-F068-44CC-957B-CD935DD224EF}"
EndProject
Global
	GlobalSection(SolutionConfigurationPlatforms) = preSolution
		Debug|Any CPU = Debug|Any CPU
		Release|Any CPU = Release|Any CPU
	EndGlobalSection
	GlobalSection(ProjectConfigurationPlatforms) = postSolution
		{39C76A02-5D4C-4293-A25E-A7A877D1DECF}.Debug|Any CPU.ActiveCfg = Debug|Any CPU
		{39C76A02-5D4C-4293-A25E-A7A877D1DECF}.Debug|Any CPU.Build.0 = Debug|Any CPU
		{39C76A02-5D4C-4293-A25E-A7A877D1DECF}.Release|Any CPU.ActiveCfg = Release|Any CPU
		{39C76A02-5D4C-4293-A25E-A7A877D1DECF}.Release|Any CPU.Build.0 = Release|Any CPU
		{4D6240C0-08C0-461C-B682-74F81D700099}.Debug|Any CPU.ActiveCfg = Debug|Any CPU
		{4D6240C0-08C0-461C-B682-74F81D700099}.Debug|Any CPU.Build.0 = Debug|Any CPU
		{4D6240C0-08C0-461C-B682-74F81D700099}.Release|Any CPU.ActiveCfg = Release|Any CPU
		{4D6240C0-08C0-461C-B682-74F81D700099}.Release|Any CPU.Build.0 = Release|Any CPU
		{D7A862A3-FA77-497B-8DA7-2DD04B69E707}.Debug|Any CPU.ActiveCfg = Debug|Any CPU
		{D7A862A3-FA77-497B-8DA7-2DD04B69E707}.Debug|Any CPU.Build.0 = Debug|Any CPU
		{D7A862A3-FA77-497B-8DA7-2DD04B69E707}.Release|Any CPU.ActiveCfg = Release|Any CPU
		{D7A862A3-FA77-497B-8DA7-2DD04B69E707}.Release|Any CPU.Build.0 = Release|Any CPU
		{AB88BCFF-1F37-45D9-813F-0A3C50894D4D}.Debug|Any CPU.ActiveCfg = Debug|Any CPU
		{AB88BCFF-1F37-45D9-813F-0A3C50894D4D}.Debug|Any CPU.Build.0 = Debug|Any CPU
		{AB88BCFF-1F37-45D9-813F-0A3C50894D4D}.Release|Any CPU.ActiveCfg = Release|Any CPU
		{AB88BCFF-1F37-45D9-813F-0A3C50894D4D}.Release|Any CPU.Build.0 = Release|Any CPU
		{629CA5F4-0C59-4F46-8397-B1C15D447357}.Debug|Any CPU.ActiveCfg = Debug|Any CPU
		{629CA5F4-0C59-4F46-8397-B1C15D447357}.Debug|Any CPU.Build.0 = Debug|Any CPU
		{629CA5F4-0C59-4F46-8397-B1C15D447357}.Release|Any CPU.ActiveCfg = Release|Any CPU
		{629CA5F4-0C59-4F46-8397-B1C15D447357}.Release|Any CPU.Build.0 = Release|Any CPU
	EndGlobalSection
	GlobalSection(SolutionProperties) = preSolution
		HideSolutionNode = FALSE
	EndGlobalSection
	GlobalSection(NestedProjects) = preSolution
		{4D6240C0-08C0-461C-B682-74F81D700099} = {64D0712D-0AAC-4E44-9730-31BD30CEF362}
		{D7A862A3-FA77-497B-8DA7-2DD04B69E707} = {B62AD2C9-629E-4230-A749-7021D12FD5F7}
		{AB88BCFF-1F37-45D9-813F-0A3C50894D4D} = {16322EFF-5410-46ED-8CC8-1B2052652C92}
		{629CA5F4-0C59-4F46-8397-B1C15D447357} = {054BB316-85D7-41CC-8E4E-C2C97550D332}
		{BFE8801A-0A30-4E27-A88E-0230F23FA8CA} = {64D0712D-0AAC-4E44-9730-31BD30CEF362}
		{6D28E853-B4A2-4430-9F60-96E93FD59093} = {64D0712D-0AAC-4E44-9730-31BD30CEF362}
		{CEC778A5-03FB-4CB0-83DC-A64305E6F958} = {B62AD2C9-629E-4230-A749-7021D12FD5F7}
		{11A11213-DD52-485B-899B-8D643F02A194} = {B62AD2C9-629E-4230-A749-7021D12FD5F7}
		{5E701854-F068-44CC-957B-CD935DD224EF} = {16322EFF-5410-46ED-8CC8-1B2052652C92}
	EndGlobalSection
	GlobalSection(ExtensibilityGlobals) = postSolution
		SolutionGuid = {099086AD-52F2-4A1B-A519-922E070ABA0B}
	EndGlobalSection
EndGlobal
